{
  "requires": true,
  "lockfileVersion": 1,
  "dependencies": {
    "@types/node": {
      "version": "12.6.9",
      "resolved": "https://registry.npmjs.org/@types/node/-/node-12.6.9.tgz",
      "integrity": "sha512-+YB9FtyxXGyD54p8rXwWaN1EWEyar5L58GlGWgtH2I9rGmLGBQcw63+0jw+ujqVavNuO47S1ByAjm9zdHMnskw==",
      "dev": true
    },
    "typescript": {
      "version": "3.9.8",
      "resolved": "https://registry.npmjs.org/typescript/-/typescript-3.9.8.tgz",
      "integrity": "sha512-nDbnFkUZZjkQ92qwKX+C+jtk4OGfU8H9toSEs3uAsl8cxLjG2sqQm6leF/pLWvm9FAEJ6KHkYMAbHYaY2ITeVg=="
    }
  }
}
